
Microsoft Visual Studio Solution File, Format Version 10.00
# Visual Studio 2008
Project("{8BC9CEB8-8B4A-11D0-8D11-00A0C91BC942}") = "testProject", "testProject\testProject.vcproj", "{6892A23A-34EB-4C89-BEA7-BF98109E67BF}"
EndProject
Global
	GlobalSection(SolutionConfigurationPlatforms) = preSolution
		Debug|Win32 = Debug|Win32
		Release|Win32 = Release|Win32
	EndGlobalSection
	GlobalSection(ProjectConfigurationPlatforms) = postSolution
		{6892A23A-34EB-4C89-BEA7-BF98109E67BF}.Debug|Win32.ActiveCfg = Debug|Win32
		{6892A23A-34EB-4C89-BEA7-BF98109E67BF}.Debug|Win32.Build.0 = Debug|Win32
		{6892A23A-34EB-4C89-BEA7-BF98109E67BF}.Release|Win32.ActiveCfg = Release|Win32
		{6892A23A-34EB-4C89-BEA7-BF98109E67BF}.Release|Win32.Build.0 = Release|Win32
	EndGlobalSection
	GlobalSection(SolutionProperties) = preSolution
		HideSolutionNode = FALSE
	EndGlobalSection
EndGlobal
