
Microsoft Visual Studio Solution File, Format Version 10.00
# Visual Studio 2008
Project("{8BC9CEB8-8B4A-11D0-8D11-00A0C91BC942}") = "macroTest", "macroTest\macroTest.vcproj", "{409572A3-7BE7-4571-A040-956E3F53FF93}"
EndProject
Global
	GlobalSection(SolutionConfigurationPlatforms) = preSolution
		Debug|Win32 = Debug|Win32
		Release|Win32 = Release|Win32
	EndGlobalSection
	GlobalSection(ProjectConfigurationPlatforms) = postSolution
		{409572A3-7BE7-4571-A040-956E3F53FF93}.Debug|Win32.ActiveCfg = Debug|Win32
		{409572A3-7BE7-4571-A040-956E3F53FF93}.Debug|Win32.Build.0 = Debug|Win32
		{409572A3-7BE7-4571-A040-956E3F53FF93}.Release|Win32.ActiveCfg = Release|Win32
		{409572A3-7BE7-4571-A040-956E3F53FF93}.Release|Win32.Build.0 = Release|Win32
	EndGlobalSection
	GlobalSection(SolutionProperties) = preSolution
		HideSolutionNode = FALSE
	EndGlobalSection
EndGlobal
